
Microsoft Visual Studio Solution File, Format Version 12.00
# Visual Studio Version 17
VisualStudioVersion = 17.5.33502.453
MinimumVisualStudioVersion = 10.0.40219.1
Project("{2150E333-8FDC-42A3-9474-1A3956D46DE8}") = "src", "src", "{F6216E4B-CDD0-4148-8306-66C48652F297}"
EndProject
Project("{2150E333-8FDC-42A3-9474-1A3956D46DE8}") = "test", "test", "{D192232A-7358-4A27-8B66-F14EA026D7B2}"
EndProject
Project("{2150E333-8FDC-42A3-9474-1A3956D46DE8}") = "API", "API", "{3ECF80A5-AE8A-4AC2-A2E9-6D7FE22F7558}"
EndProject
Project("{2150E333-8FDC-42A3-9474-1A3956D46DE8}") = "Core", "Core", "{58C382DA-7ECA-4D00-B8AC-60EA9A4F2638}"
EndProject
Project("{2150E333-8FDC-42A3-9474-1A3956D46DE8}") = "Infrastructure", "Infrastructure", "{8E90404B-DD6F-412C-9195-081DD6DA9DE9}"
EndProject
Project("{2150E333-8FDC-42A3-9474-1A3956D46DE8}") = "UI", "UI", "{0459EF51-8CF2-4C73-80CA-77E540A25909}"
EndProject
Project("{9A19103F-16F7-4668-BE54-9A1E7A4F7556}") = "HR.LeaveManagement.Domain", "HR.LeaveManagement.Domain\HR.LeaveManagement.Domain.csproj", "{2AB112A3-2C60-4AA1-AA1C-1FD4F8ECA676}"
EndProject
Project("{9A19103F-16F7-4668-BE54-9A1E7A4F7556}") = "HR.LeaveManagement.Application", "HR.LeaveManagement.Application\HR.LeaveManagement.Application.csproj", "{CE37F931-41CE-4441-B4E6-C30E24758E72}"
EndProject
Project("{9A19103F-16F7-4668-BE54-9A1E7A4F7556}") = "HR.LeaveManagement.Persistence", "HR.LeaveManagement.Persistence\HR.LeaveManagement.Persistence.csproj", "{E7F666A2-DF99-416C-BF1E-3347DAE1A234}"
EndProject
Project("{9A19103F-16F7-4668-BE54-9A1E7A4F7556}") = "HR.LeaveManagement.Infrastructure", "HR.LeaveManagement.Infrastructure\HR.LeaveManagement.Infrastructure.csproj", "{1C3CDAA8-24CF-4F41-AB7F-F9BD4B3AD478}"
EndProject
Project("{9A19103F-16F7-4668-BE54-9A1E7A4F7556}") = "HR.LeaveManagement.Api", "HR.LeaveManagement.Api\HR.LeaveManagement.Api.csproj", "{D1DB6C11-9382-460E-B193-A62345481942}"
EndProject
Project("{9A19103F-16F7-4668-BE54-9A1E7A4F7556}") = "HR.LeaveManagement.Application.UnitTests", "HR.LeaveManagement.Application.UnitTests\HR.LeaveManagement.Application.UnitTests.csproj", "{FD3A4F6C-D486-4F4D-BDB4-256F493C4200}"
EndProject
Project("{9A19103F-16F7-4668-BE54-9A1E7A4F7556}") = "HR.LeaveManagement.Persistence.IntegrationTests", "HR.LeaveManagement.Persistence.IntegrationTests\HR.LeaveManagement.Persistence.IntegrationTests.csproj", "{1E2B38AA-DA47-4E10-BEA2-7C885DD78D93}"
EndProject
Project("{FAE04EC0-301F-11D3-BF4B-00C04F79EFBC}") = "HR.LeaveManagement.BlazorUI", "HR.LeaveManagement.BlazorUI\HR.LeaveManagement.BlazorUI.csproj", "{9D13CE81-6E4A-4F5B-8AE6-EF3B1B04EA24}"
EndProject
Project("{FAE04EC0-301F-11D3-BF4B-00C04F79EFBC}") = "HR.LeaveManagement.Identity", "HR.LeaveManagement.Identity\HR.LeaveManagement.Identity.csproj", "{106274D3-46A7-431A-9000-F664AB815704}"
EndProject
Global
	GlobalSection(SolutionConfigurationPlatforms) = preSolution
		Debug|Any CPU = Debug|Any CPU
		Release|Any CPU = Release|Any CPU
	EndGlobalSection
	GlobalSection(ProjectConfigurationPlatforms) = postSolution
		{2AB112A3-2C60-4AA1-AA1C-1FD4F8ECA676}.Debug|Any CPU.ActiveCfg = Debug|Any CPU
		{2AB112A3-2C60-4AA1-AA1C-1FD4F8ECA676}.Debug|Any CPU.Build.0 = Debug|Any CPU
		{2AB112A3-2C60-4AA1-AA1C-1FD4F8ECA676}.Release|Any CPU.ActiveCfg = Release|Any CPU
		{2AB112A3-2C60-4AA1-AA1C-1FD4F8ECA676}.Release|Any CPU.Build.0 = Release|Any CPU
		{CE37F931-41CE-4441-B4E6-C30E24758E72}.Debug|Any CPU.ActiveCfg = Debug|Any CPU
		{CE37F931-41CE-4441-B4E6-C30E24758E72}.Debug|Any CPU.Build.0 = Debug|Any CPU
		{CE37F931-41CE-4441-B4E6-C30E24758E72}.Release|Any CPU.ActiveCfg = Release|Any CPU
		{CE37F931-41CE-4441-B4E6-C30E24758E72}.Release|Any CPU.Build.0 = Release|Any CPU
		{E7F666A2-DF99-416C-BF1E-3347DAE1A234}.Debug|Any CPU.ActiveCfg = Debug|Any CPU
		{E7F666A2-DF99-416C-BF1E-3347DAE1A234}.Debug|Any CPU.Build.0 = Debug|Any CPU
		{E7F666A2-DF99-416C-BF1E-3347DAE1A234}.Release|Any CPU.ActiveCfg = Release|Any CPU
		{E7F666A2-DF99-416C-BF1E-3347DAE1A234}.Release|Any CPU.Build.0 = Release|Any CPU
		{1C3CDAA8-24CF-4F41-AB7F-F9BD4B3AD478}.Debug|Any CPU.ActiveCfg = Debug|Any CPU
		{1C3CDAA8-24CF-4F41-AB7F-F9BD4B3AD478}.Debug|Any CPU.Build.0 = Debug|Any CPU
		{1C3CDAA8-24CF-4F41-AB7F-F9BD4B3AD478}.Release|Any CPU.ActiveCfg = Release|Any CPU
		{1C3CDAA8-24CF-4F41-AB7F-F9BD4B3AD478}.Release|Any CPU.Build.0 = Release|Any CPU
		{D1DB6C11-9382-460E-B193-A62345481942}.Debug|Any CPU.ActiveCfg = Debug|Any CPU
		{D1DB6C11-9382-460E-B193-A62345481942}.Debug|Any CPU.Build.0 = Debug|Any CPU
		{D1DB6C11-9382-460E-B193-A62345481942}.Release|Any CPU.ActiveCfg = Release|Any CPU
		{D1DB6C11-9382-460E-B193-A62345481942}.Release|Any CPU.Build.0 = Release|Any CPU
		{FD3A4F6C-D486-4F4D-BDB4-256F493C4200}.Debug|Any CPU.ActiveCfg = Debug|Any CPU
		{FD3A4F6C-D486-4F4D-BDB4-256F493C4200}.Debug|Any CPU.Build.0 = Debug|Any CPU
		{FD3A4F6C-D486-4F4D-BDB4-256F493C4200}.Release|Any CPU.ActiveCfg = Release|Any CPU
		{FD3A4F6C-D486-4F4D-BDB4-256F493C4200}.Release|Any CPU.Build.0 = Release|Any CPU
		{1E2B38AA-DA47-4E10-BEA2-7C885DD78D93}.Debug|Any CPU.ActiveCfg = Debug|Any CPU
		{1E2B38AA-DA47-4E10-BEA2-7C885DD78D93}.Debug|Any CPU.Build.0 = Debug|Any CPU
		{1E2B38AA-DA47-4E10-BEA2-7C885DD78D93}.Release|Any CPU.ActiveCfg = Release|Any CPU
		{1E2B38AA-DA47-4E10-BEA2-7C885DD78D93}.Release|Any CPU.Build.0 = Release|Any CPU
		{9D13CE81-6E4A-4F5B-8AE6-EF3B1B04EA24}.Debug|Any CPU.ActiveCfg = Debug|Any CPU
		{9D13CE81-6E4A-4F5B-8AE6-EF3B1B04EA24}.Debug|Any CPU.Build.0 = Debug|Any CPU
		{9D13CE81-6E4A-4F5B-8AE6-EF3B1B04EA24}.Release|Any CPU.ActiveCfg = Release|Any CPU
		{9D13CE81-6E4A-4F5B-8AE6-EF3B1B04EA24}.Release|Any CPU.Build.0 = Release|Any CPU
		{106274D3-46A7-431A-9000-F664AB815704}.Debug|Any CPU.ActiveCfg = Debug|Any CPU
		{106274D3-46A7-431A-9000-F664AB815704}.Debug|Any CPU.Build.0 = Debug|Any CPU
		{106274D3-46A7-431A-9000-F664AB815704}.Release|Any CPU.ActiveCfg = Release|Any CPU
		{106274D3-46A7-431A-9000-F664AB815704}.Release|Any CPU.Build.0 = Release|Any CPU
	EndGlobalSection
	GlobalSection(SolutionProperties) = preSolution
		HideSolutionNode = FALSE
	EndGlobalSection
	GlobalSection(NestedProjects) = preSolution
		{3ECF80A5-AE8A-4AC2-A2E9-6D7FE22F7558} = {F6216E4B-CDD0-4148-8306-66C48652F297}
		{58C382DA-7ECA-4D00-B8AC-60EA9A4F2638} = {F6216E4B-CDD0-4148-8306-66C48652F297}
		{8E90404B-DD6F-412C-9195-081DD6DA9DE9} = {F6216E4B-CDD0-4148-8306-66C48652F297}
		{0459EF51-8CF2-4C73-80CA-77E540A25909} = {F6216E4B-CDD0-4148-8306-66C48652F297}
		{2AB112A3-2C60-4AA1-AA1C-1FD4F8ECA676} = {58C382DA-7ECA-4D00-B8AC-60EA9A4F2638}
		{CE37F931-41CE-4441-B4E6-C30E24758E72} = {58C382DA-7ECA-4D00-B8AC-60EA9A4F2638}
		{E7F666A2-DF99-416C-BF1E-3347DAE1A234} = {8E90404B-DD6F-412C-9195-081DD6DA9DE9}
		{1C3CDAA8-24CF-4F41-AB7F-F9BD4B3AD478} = {8E90404B-DD6F-412C-9195-081DD6DA9DE9}
		{D1DB6C11-9382-460E-B193-A62345481942} = {3ECF80A5-AE8A-4AC2-A2E9-6D7FE22F7558}
		{FD3A4F6C-D486-4F4D-BDB4-256F493C4200} = {D192232A-7358-4A27-8B66-F14EA026D7B2}
		{1E2B38AA-DA47-4E10-BEA2-7C885DD78D93} = {D192232A-7358-4A27-8B66-F14EA026D7B2}
		{9D13CE81-6E4A-4F5B-8AE6-EF3B1B04EA24} = {0459EF51-8CF2-4C73-80CA-77E540A25909}
		{106274D3-46A7-431A-9000-F664AB815704} = {8E90404B-DD6F-412C-9195-081DD6DA9DE9}
	EndGlobalSection
	GlobalSection(ExtensibilityGlobals) = postSolution
		SolutionGuid = {6E7039B0-8CAF-4521-8CE4-12EF31200ABC}
	EndGlobalSection
EndGlobal
